// !$*UTF8*$!
{
	archiveVersion = 1;
	classes = {
	};
	objectVersion = 50;
	objects = {

/* Begin PBXBuildFile section */
		01257E8E23C0501F0078B207 /* AppDelegate.swift in Sources */ = {isa = PBXBuildFile; fileRef = 01257E8D23C0501F0078B207 /* AppDelegate.swift */; };
		01257E9023C0501F0078B207 /* SceneDelegate.swift in Sources */ = {isa = PBXBuildFile; fileRef = 01257E8F23C0501F0078B207 /* SceneDelegate.swift */; };
		01257E9223C0501F0078B207 /* ViewController.swift in Sources */ = {isa = PBXBuildFile; fileRef = 01257E9123C0501F0078B207 /* ViewController.swift */; };
		01257E9523C0501F0078B207 /* Main.storyboard in Resources */ = {isa = PBXBuildFile; fileRef = 01257E9323C0501F0078B207 /* Main.storyboard */; };
		01257E9723C050210078B207 /* Assets.xcassets in Resources */ = {isa = PBXBuildFile; fileRef = 01257E9623C050210078B207 /* Assets.xcassets */; };
		01257E9A23C050210078B207 /* LaunchScreen.storyboard in Resources */ = {isa = PBXBuildFile; fileRef = 01257E9823C050210078B207 /* LaunchScreen.storyboard */; };
		01257EA523C050210078B207 /* GroceryStoreTests.swift in Sources */ = {isa = PBXBuildFile; fileRef = 01257EA423C050210078B207 /* GroceryStoreTests.swift */; };
		01257EB023C050360078B207 /* GroceryStore.swift in Sources */ = {isa = PBXBuildFile; fileRef = 01257EAF23C050360078B207 /* GroceryStore.swift */; };
/* End PBXBuildFile section */

/* Begin PBXContainerItemProxy section */
		01257EA123C050210078B207 /* PBXContainerItemProxy */ = {
			isa = PBXContainerItemProxy;
			containerPortal = 01257E8223C0501F0078B207 /* Project object */;
			proxyType = 1;
			remoteGlobalIDString = 01257E8923C0501F0078B207;
			remoteInfo = GroceryStore;
		};
/* End PBXContainerItemProxy section */

/* Begin PBXFileReference section */
		01257E8A23C0501F0078B207 /* GroceryStore.app */ = {isa = PBXFileReference; explicitFileType = wrapper.application; includeInIndex = 0; path = GroceryStore.app; sourceTree = BUILT_PRODUCTS_DIR; };
		01257E8D23C0501F0078B207 /* AppDelegate.swift */ = {isa = PBXFileReference; lastKnownFileType = sourcecode.swift; path = AppDelegate.swift; sourceTree = "<group>"; };
		01257E8F23C0501F0078B207 /* SceneDelegate.swift */ = {isa = PBXFileReference; lastKnownFileType = sourcecode.swift; path = SceneDelegate.swift; sourceTree = "<group>"; };
		01257E9123C0501F0078B207 /* ViewController.swift */ = {isa = PBXFileReference; lastKnownFileType = sourcecode.swift; path = ViewController.swift; sourceTree = "<group>"; };
		01257E9423C0501F0078B207 /* Base */ = {isa = PBXFileReference; lastKnownFileType = file.storyboard; name = Base; path = Base.lproj/Main.storyboard; sourceTree = "<group>"; };
		01257E9623C050210078B207 /* Assets.xcassets */ = {isa = PBXFileReference; lastKnownFileType = folder.assetcatalog; path = Assets.xcassets; sourceTree = "<group>"; };
		01257E9923C050210078B207 /* Base */ = {isa = PBXFileReference; lastKnownFileType = file.storyboard; name = Base; path = Base.lproj/LaunchScreen.storyboard; sourceTree = "<group>"; };
		01257E9B23C050210078B207 /* Info.plist */ = {isa = PBXFileReference; lastKnownFileType = text.plist.xml; path = Info.plist; sourceTree = "<group>"; };
		01257EA023C050210078B207 /* GroceryStoreTests.xctest */ = {isa = PBXFileReference; explicitFileType = wrapper.cfbundle; includeInIndex = 0; path = GroceryStoreTests.xctest; sourceTree = BUILT_PRODUCTS_DIR; };
		01257EA423C050210078B207 /* GroceryStoreTests.swift */ = {isa = PBXFileReference; lastKnownFileType = sourcecode.swift; path = GroceryStoreTests.swift; sourceTree = "<group>"; };
		01257EA623C050210078B207 /* Info.plist */ = {isa = PBXFileReference; lastKnownFileType = text.plist.xml; path = Info.plist; sourceTree = "<group>"; };
		01257EAF23C050360078B207 /* GroceryStore.swift */ = {isa = PBXFileReference; lastKnownFileType = sourcecode.swift; path = GroceryStore.swift; sourceTree = "<group>"; };
/* End PBXFileReference section */

/* Begin PBXFrameworksBuildPhase section */
		01257E8723C0501F0078B207 /* Frameworks */ = {
			isa = PBXFrameworksBuildPhase;
			buildActionMask = 2147483647;
			files = (
			);
			runOnlyForDeploymentPostprocessing = 0;
		};
		01257E9D23C050210078B207 /* Frameworks */ = {
			isa = PBXFrameworksBuildPhase;
			buildActionMask = 2147483647;
			files = (
			);
			runOnlyForDeploymentPostprocessing = 0;
		};
/* End PBXFrameworksBuildPhase section */

/* Begin PBXGroup section */
		01257E8123C0501F0078B207 = {
			isa = PBXGroup;
			children = (
				01257E8C23C0501F0078B207 /* GroceryStore */,
				01257EA323C050210078B207 /* GroceryStoreTests */,
				01257E8B23C0501F0078B207 /* Products */,
			);
			sourceTree = "<group>";
		};
		01257E8B23C0501F0078B207 /* Products */ = {
			isa = PBXGroup;
			children = (
				01257E8A23C0501F0078B207 /* GroceryStore.app */,
				01257EA023C050210078B207 /* GroceryStoreTests.xctest */,
			);
			name = Products;
			sourceTree = "<group>";
		};
		01257E8C23C0501F0078B207 /* GroceryStore */ = {
			isa = PBXGroup;
			children = (
				01257E8D23C0501F0078B207 /* AppDelegate.swift */,
				01257E8F23C0501F0078B207 /* SceneDelegate.swift */,
				01257E9123C0501F0078B207 /* ViewController.swift */,
				01257EAF23C050360078B207 /* GroceryStore.swift */,
				01257E9323C0501F0078B207 /* Main.storyboard */,
				01257E9623C050210078B207 /* Assets.xcassets */,
				01257E9823C050210078B207 /* LaunchScreen.storyboard */,
				01257E9B23C050210078B207 /* Info.plist */,
			);
			path = GroceryStore;
			sourceTree = "<group>";
		};
		01257EA323C050210078B207 /* GroceryStoreTests */ = {
			isa = PBXGroup;
			children = (
				01257EA423C050210078B207 /* GroceryStoreTests.swift */,
				01257EA623C050210078B207 /* Info.plist */,
			);
			path = GroceryStoreTests;
			sourceTree = "<group>";
		};
/* End PBXGroup section */

/* Begin PBXNativeTarget section */
		01257E8923C0501F0078B207 /* GroceryStore */ = {
			isa = PBXNativeTarget;
			buildConfigurationList = 01257EA923C050210078B207 /* Build configuration list for PBXNativeTarget "GroceryStore" */;
			buildPhases = (
				01257E8623C0501F0078B207 /* Sources */,
				01257E8723C0501F0078B207 /* Frameworks */,
				01257E8823C0501F0078B207 /* Resources */,
			);
			buildRules = (
			);
			dependencies = (
			);
			name = GroceryStore;
			productName = GroceryStore;
			productReference = 01257E8A23C0501F0078B207 /* GroceryStore.app */;
			productType = "com.apple.product-type.application";
		};
		01257E9F23C050210078B207 /* GroceryStoreTests */ = {
			isa = PBXNativeTarget;
			buildConfigurationList = 01257EAC23C050210078B207 /* Build configuration list for PBXNativeTarget "GroceryStoreTests" */;
			buildPhases = (
				01257E9C23C050210078B207 /* Sources */,
				01257E9D23C050210078B207 /* Frameworks */,
				01257E9E23C050210078B207 /* Resources */,
			);
			buildRules = (
			);
			dependencies = (
				01257EA223C050210078B207 /* PBXTargetDependency */,
			);
			name = GroceryStoreTests;
			productName = GroceryStoreTests;
			productReference = 01257EA023C050210078B207 /* GroceryStoreTests.xctest */;
			productType = "com.apple.product-type.bundle.unit-test";
		};
/* End PBXNativeTarget section */

/* Begin PBXProject section */
		01257E8223C0501F0078B207 /* Project object */ = {
			isa = PBXProject;
			attributes = {
				LastSwiftUpdateCheck = 1130;
				LastUpgradeCheck = 1130;
				ORGANIZATIONNAME = "Cyril Garcia";
				TargetAttributes = {
					01257E8923C0501F0078B207 = {
						CreatedOnToolsVersion = 11.3;
					};
					01257E9F23C050210078B207 = {
						CreatedOnToolsVersion = 11.3;
						TestTargetID = 01257E8923C0501F0078B207;
					};
				};
			};
			buildConfigurationList = 01257E8523C0501F0078B207 /* Build configuration list for PBXProject "GroceryStore" */;
			compatibilityVersion = "Xcode 9.3";
			developmentRegion = en;
			hasScannedForEncodings = 0;
			knownRegions = (
				en,
				Base,
			);
			mainGroup = 01257E8123C0501F0078B207;
			productRefGroup = 01257E8B23C0501F0078B207 /* Products */;
			projectDirPath = "";
			projectRoot = "";
			targets = (
				01257E8923C0501F0078B207 /* GroceryStore */,
				01257E9F23C050210078B207 /* GroceryStoreTests */,
			);
		};
/* End PBXProject section */

/* Begin PBXResourcesBuildPhase section */
		01257E8823C0501F0078B207 /* Resources */ = {
			isa = PBXResourcesBuildPhase;
			buildActionMask = 2147483647;
			files = (
				01257E9A23C050210078B207 /* LaunchScreen.storyboard in Resources */,
				01257E9723C050210078B207 /* Assets.xcassets in Resources */,
				01257E9523C0501F0078B207 /* Main.storyboard in Resources */,
			);
			runOnlyForDeploymentPostprocessing = 0;
		};
		01257E9E23C050210078B207 /* Resources */ = {
			isa = PBXResourcesBuildPhase;
			buildActionMask = 2147483647;
			files = (
			);
			runOnlyForDeploymentPostprocessing = 0;
		};
/* End PBXResourcesBuildPhase section */

/* Begin PBXSourcesBuildPhase section */
		01257E8623C0501F0078B207 /* Sources */ = {
			isa = PBXSourcesBuildPhase;
			buildActionMask = 2147483647;
			files = (
				01257E9223C0501F0078B207 /* ViewController.swift in Sources */,
				01257EB023C050360078B207 /* GroceryStore.swift in Sources */,
				01257E8E23C0501F0078B207 /* AppDelegate.swift in Sources */,
				01257E9023C0501F0078B207 /* SceneDelegate.swift in Sources */,
			);
			runOnlyForDeploymentPostprocessing = 0;
		};
		01257E9C23C050210078B207 /* Sources */ = {
			isa = PBXSourcesBuildPhase;
			buildActionMask = 2147483647;
			files = (
				01257EA523C050210078B207 /* GroceryStoreTests.swift in Sources */,
			);
			runOnlyForDeploymentPostprocessing = 0;
		};
/* End PBXSourcesBuildPhase section */

/* Begin PBXTargetDependency section */
		01257EA223C050210078B207 /* PBXTargetDependency */ = {
			isa = PBXTargetDependency;
			target = 01257E8923C0501F0078B207 /* GroceryStore */;
			targetProxy = 01257EA123C050210078B207 /* PBXContainerItemProxy */;
		};
/* End PBXTargetDependency section */

/* Begin PBXVariantGroup section */
		01257E9323C0501F0078B207 /* Main.storyboard */ = {
			isa = PBXVariantGroup;
			children = (
				01257E9423C0501F0078B207 /* Base */,
			);
			name = Main.storyboard;
			sourceTree = "<group>";
		};
		01257E9823C050210078B207 /* LaunchScreen.storyboard */ = {
			isa = PBXVariantGroup;
			children = (
				01257E9923C050210078B207 /* Base */,
			);
			name = LaunchScreen.storyboard;
			sourceTree = "<group>";
		};
/* End PBXVariantGroup section */

/* Begin XCBuildConfiguration section */
		01257EA723C050210078B207 /* Debug */ = {
			isa = XCBuildConfiguration;
			buildSettings = {
				ALWAYS_SEARCH_USER_PATHS = NO;
				CLANG_ANALYZER_NONNULL = YES;
				CLANG_ANALYZER_NUMBER_OBJECT_CONVERSION = YES_AGGRESSIVE;
				CLANG_CXX_LANGUAGE_STANDARD = "gnu++14";
				CLANG_CXX_LIBRARY = "libc++";
				CLANG_ENABLE_MODULES = YES;
				CLANG_ENABLE_OBJC_ARC = YES;
				CLANG_ENABLE_OBJC_WEAK = YES;
				CLANG_WARN_BLOCK_CAPTURE_AUTORELEASING = YES;
				CLANG_WARN_BOOL_CONVERSION = YES;
				CLANG_WARN_COMMA = YES;
				CLANG_WARN_CONSTANT_CONVERSION = YES;
				CLANG_WARN_DEPRECATED_OBJC_IMPLEMENTATIONS = YES;
				CLANG_WARN_DIRECT_OBJC_ISA_USAGE = YES_ERROR;
				CLANG_WARN_DOCUMENTATION_COMMENTS = YES;
				CLANG_WARN_EMPTY_BODY = YES;
				CLANG_WARN_ENUM_CONVERSION = YES;
				CLANG_WARN_INFINITE_RECURSION = YES;
				CLANG_WARN_INT_CONVERSION = YES;
				CLANG_WARN_NON_LITERAL_NULL_CONVERSION = YES;
				CLANG_WARN_OBJC_IMPLICIT_RETAIN_SELF = YES;
				CLANG_WARN_OBJC_LITERAL_CONVERSION = YES;
				CLANG_WARN_OBJC_ROOT_CLASS = YES_ERROR;
				CLANG_WARN_RANGE_LOOP_ANALYSIS = YES;
				CLANG_WARN_STRICT_PROTOTYPES = YES;
				CLANG_WARN_SUSPICIOUS_MOVE = YES;
				CLANG_WARN_UNGUARDED_AVAILABILITY = YES_AGGRESSIVE;
				CLANG_WARN_UNREACHABLE_CODE = YES;
				CLANG_WARN__DUPLICATE_METHOD_MATCH = YES;
				COPY_PHASE_STRIP = NO;
				DEBUG_INFORMATION_FORMAT = dwarf;
				ENABLE_STRICT_OBJC_MSGSEND = YES;
				ENABLE_TESTABILITY = YES;
				GCC_C_LANGUAGE_STANDARD = gnu11;
				GCC_DYNAMIC_NO_PIC = NO;
				GCC_NO_COMMON_BLOCKS = YES;
				GCC_OPTIMIZATION_LEVEL = 0;
				GCC_PREPROCESSOR_DEFINITIONS = (
					"DEBUG=1",
					"$(inherited)",
				);
				GCC_WARN_64_TO_32_BIT_CONVERSION = YES;
				GCC_WARN_ABOUT_RETURN_TYPE = YES_ERROR;
				GCC_WARN_UNDECLARED_SELECTOR = YES;
				GCC_WARN_UNINITIALIZED_AUTOS = YES_AGGRESSIVE;
				GCC_WARN_UNUSED_FUNCTION = YES;
				GCC_WARN_UNUSED_VARIABLE = YES;
				IPHONEOS_DEPLOYMENT_TARGET = 13.2;
				MTL_ENABLE_DEBUG_INFO = INCLUDE_SOURCE;
				MTL_FAST_MATH = YES;
				ONLY_ACTIVE_ARCH = YES;
				SDKROOT = iphoneos;
				SWIFT_ACTIVE_COMPILATION_CONDITIONS = DEBUG;
				SWIFT_OPTIMIZATION_LEVEL = "-Onone";
			};
			name = Debug;
		};
		01257EA823C050210078B207 /* Release */ = {
			isa = XCBuildConfiguration;
			buildSettings = {
				ALWAYS_SEARCH_USER_PATHS = NO;
				CLANG_ANALYZER_NONNULL = YES;
				CLANG_ANALYZER_NUMBER_OBJECT_CONVERSION = YES_AGGRESSIVE;
				CLANG_CXX_LANGUAGE_STANDARD = "gnu++14";
				CLANG_CXX_LIBRARY = "libc++";
				CLANG_ENABLE_MODULES = YES;
				CLANG_ENABLE_OBJC_ARC = YES;
				CLANG_ENABLE_OBJC_WEAK = YES;
				CLANG_WARN_BLOCK_CAPTURE_AUTORELEASING = YES;
				CLANG_WARN_BOOL_CONVERSION = YES;
				CLANG_WARN_COMMA = YES;
				CLANG_WARN_CONSTANT_CONVERSION = YES;
				CLANG_WARN_DEPRECATED_OBJC_IMPLEMENTATIONS = YES;
				CLANG_WARN_DIRECT_OBJC_ISA_USAGE = YES_ERROR;
				CLANG_WARN_DOCUMENTATION_COMMENTS = YES;
				CLANG_WARN_EMPTY_BODY = YES;
				CLANG_WARN_ENUM_CONVERSION = YES;
				CLANG_WARN_INFINITE_RECURSION = YES;
				CLANG_WARN_INT_CONVERSION = YES;
				CLANG_WARN_NON_LITERAL_NULL_CONVERSION = YES;
				CLANG_WARN_OBJC_IMPLICIT_RETAIN_SELF = YES;
				CLANG_WARN_OBJC_LITERAL_CONVERSION = YES;
				CLANG_WARN_OBJC_ROOT_CLASS = YES_ERROR;
				CLANG_WARN_RANGE_LOOP_ANALYSIS = YES;
				CLANG_WARN_STRICT_PROTOTYPES = YES;
				CLANG_WARN_SUSPICIOUS_MOVE = YES;
				CLANG_WARN_UNGUARDED_AVAILABILITY = YES_AGGRESSIVE;
				CLANG_WARN_UNREACHABLE_CODE = YES;
				CLANG_WARN__DUPLICATE_METHOD_MATCH = YES;
				COPY_PHASE_STRIP = NO;
				DEBUG_INFORMATION_FORMAT = "dwarf-with-dsym";
				ENABLE_NS_ASSERTIONS = NO;
				ENABLE_STRICT_OBJC_MSGSEND = YES;
				GCC_C_LANGUAGE_STANDARD = gnu11;
				GCC_NO_COMMON_BLOCKS = YES;
				GCC_WARN_64_TO_32_BIT_CONVERSION = YES;
				GCC_WARN_ABOUT_RETURN_TYPE = YES_ERROR;
				GCC_WARN_UNDECLARED_SELECTOR = YES;
				GCC_WARN_UNINITIALIZED_AUTOS = YES_AGGRESSIVE;
				GCC_WARN_UNUSED_FUNCTION = YES;
				GCC_WARN_UNUSED_VARIABLE = YES;
				IPHONEOS_DEPLOYMENT_TARGET = 13.2;
				MTL_ENABLE_DEBUG_INFO = NO;
				MTL_FAST_MATH = YES;
				SDKROOT = iphoneos;
				SWIFT_COMPILATION_MODE = wholemodule;
				SWIFT_OPTIMIZATION_LEVEL = "-O";
				VALIDATE_PRODUCT = YES;
			};
			name = Release;
		};
		01257EAA23C050210078B207 /* Debug */ = {
			isa = XCBuildConfiguration;
			buildSettings = {
				ASSETCATALOG_COMPILER_APPICON_NAME = AppIcon;
				CODE_SIGN_STYLE = Automatic;
				DEVELOPMENT_TEAM = R986STKYJ7;
				INFOPLIST_FILE = GroceryStore/Info.plist;
				LD_RUNPATH_SEARCH_PATHS = (
					"$(inherited)",
					"@executable_path/Frameworks",
				);
				PRODUCT_BUNDLE_IDENTIFIER = com.ByCyril.GroceryStore;
				PRODUCT_NAME = "$(TARGET_NAME)";
				SWIFT_VERSION = 5.0;
				TARGETED_DEVICE_FAMILY = "1,2";
			};
			name = Debug;
		};
		01257EAB23C050210078B207 /* Release */ = {
			isa = XCBuildConfiguration;
			buildSettings = {
				ASSETCATALOG_COMPILER_APPICON_NAME = AppIcon;
				CODE_SIGN_STYLE = Automatic;
				DEVELOPMENT_TEAM = R986STKYJ7;
				INFOPLIST_FILE = GroceryStore/Info.plist;
				LD_RUNPATH_SEARCH_PATHS = (
					"$(inherited)",
					"@executable_path/Frameworks",
				);
				PRODUCT_BUNDLE_IDENTIFIER = com.ByCyril.GroceryStore;
				PRODUCT_NAME = "$(TARGET_NAME)";
				SWIFT_VERSION = 5.0;
				TARGETED_DEVICE_FAMILY = "1,2";
			};
			name = Release;
		};
		01257EAD23C050210078B207 /* Debug */ = {
			isa = XCBuildConfiguration;
			buildSettings = {
				ALWAYS_EMBED_SWIFT_STANDARD_LIBRARIES = YES;
				BUNDLE_LOADER = "$(TEST_HOST)";
				CODE_SIGN_STYLE = Automatic;
				DEVELOPMENT_TEAM = R986STKYJ7;
				INFOPLIST_FILE = GroceryStoreTests/Info.plist;
				IPHONEOS_DEPLOYMENT_TARGET = 13.2;
				LD_RUNPATH_SEARCH_PATHS = (
					"$(inherited)",
					"@executable_path/Frameworks",
					"@loader_path/Frameworks",
				);
				PRODUCT_BUNDLE_IDENTIFIER = com.ByCyril.GroceryStoreTests;
				PRODUCT_NAME = "$(TARGET_NAME)";
				SWIFT_VERSION = 5.0;
				TARGETED_DEVICE_FAMILY = "1,2";
				TEST_HOST = "$(BUILT_PRODUCTS_DIR)/GroceryStore.app/GroceryStore";
			};
			name = Debug;
		};
		01257EAE23C050210078B207 /* Release */ = {
			isa = XCBuildConfiguration;
			buildSettings = {
				ALWAYS_EMBED_SWIFT_STANDARD_LIBRARIES = YES;
				BUNDLE_LOADER = "$(TEST_HOST)";
				CODE_SIGN_STYLE = Automatic;
				DEVELOPMENT_TEAM = R986STKYJ7;
				INFOPLIST_FILE = GroceryStoreTests/Info.plist;
				IPHONEOS_DEPLOYMENT_TARGET = 13.2;
				LD_RUNPATH_SEARCH_PATHS = (
					"$(inherited)",
					"@executable_path/Frameworks",
					"@loader_path/Frameworks",
				);
				PRODUCT_BUNDLE_IDENTIFIER = com.ByCyril.GroceryStoreTests;
				PRODUCT_NAME = "$(TARGET_NAME)";
				SWIFT_VERSION = 5.0;
				TARGETED_DEVICE_FAMILY = "1,2";
				TEST_HOST = "$(BUILT_PRODUCTS_DIR)/GroceryStore.app/GroceryStore";
			};
			name = Release;
		};
/* End XCBuildConfiguration section */

/* Begin XCConfigurationList section */
		01257E8523C0501F0078B207 /* Build configuration list for PBXProject "GroceryStore" */ = {
			isa = XCConfigurationList;
			buildConfigurations = (
				01257EA723C050210078B207 /* Debug */,
				01257EA823C050210078B207 /* Release */,
			);
			defaultConfigurationIsVisible = 0;
			defaultConfigurationName = Release;
		};
		01257EA923C050210078B207 /* Build configuration list for PBXNativeTarget "GroceryStore" */ = {
			isa = XCConfigurationList;
			buildConfigurations = (
				01257EAA23C050210078B207 /* Debug */,
				01257EAB23C050210078B207 /* Release */,
			);
			defaultConfigurationIsVisible = 0;
			defaultConfigurationName = Release;
		};
		01257EAC23C050210078B207 /* Build configuration list for PBXNativeTarget "GroceryStoreTests" */ = {
			isa = XCConfigurationList;
			buildConfigurations = (
				01257EAD23C050210078B207 /* Debug */,
				01257EAE23C050210078B207 /* Release */,
			);
			defaultConfigurationIsVisible = 0;
			defaultConfigurationName = Release;
		};
/* End XCConfigurationList section */
	};
	rootObject = 01257E8223C0501F0078B207 /* Project object */;
}
