// !$*UTF8*$!
{
	archiveVersion = 1;
	classes = {
	};
	objectVersion = 50;
	objects = {

/* Begin PBXBuildFile section */
		014A0767227D483300FF8439 /* Pets.mlmodel in Sources */ = {isa = PBXBuildFile; fileRef = 014A0766227D483300FF8439 /* Pets.mlmodel */; };
		01FE659622469F4F001E7DC7 /* AppDelegate.swift in Sources */ = {isa = PBXBuildFile; fileRef = 01FE659522469F4F001E7DC7 /* AppDelegate.swift */; };
		01FE659D22469F50001E7DC7 /* Assets.xcassets in Resources */ = {isa = PBXBuildFile; fileRef = 01FE659C22469F50001E7DC7 /* Assets.xcassets */; };
		01FE65A022469F50001E7DC7 /* LaunchScreen.storyboard in Resources */ = {isa = PBXBuildFile; fileRef = 01FE659E22469F50001E7DC7 /* LaunchScreen.storyboard */; };
		01FE65AA22469F6B001E7DC7 /* ImageRecognitionController.swift in Sources */ = {isa = PBXBuildFile; fileRef = 01FE65A722469F6A001E7DC7 /* ImageRecognitionController.swift */; };
		01FE65AB22469F6B001E7DC7 /* ImageRecognitionView.swift in Sources */ = {isa = PBXBuildFile; fileRef = 01FE65A822469F6B001E7DC7 /* ImageRecognitionView.swift */; };
		01FE65AC22469F6B001E7DC7 /* ImageRecognitionModel.swift in Sources */ = {isa = PBXBuildFile; fileRef = 01FE65A922469F6B001E7DC7 /* ImageRecognitionModel.swift */; };
/* End PBXBuildFile section */

/* Begin PBXFileReference section */
		014A0766227D483300FF8439 /* Pets.mlmodel */ = {isa = PBXFileReference; lastKnownFileType = file.mlmodel; path = Pets.mlmodel; sourceTree = "<group>"; };
		01FE659222469F4F001E7DC7 /* Image_Recognition.app */ = {isa = PBXFileReference; explicitFileType = wrapper.application; includeInIndex = 0; path = Image_Recognition.app; sourceTree = BUILT_PRODUCTS_DIR; };
		01FE659522469F4F001E7DC7 /* AppDelegate.swift */ = {isa = PBXFileReference; lastKnownFileType = sourcecode.swift; path = AppDelegate.swift; sourceTree = "<group>"; };
		01FE659C22469F50001E7DC7 /* Assets.xcassets */ = {isa = PBXFileReference; lastKnownFileType = folder.assetcatalog; path = Assets.xcassets; sourceTree = "<group>"; };
		01FE659F22469F50001E7DC7 /* Base */ = {isa = PBXFileReference; lastKnownFileType = file.storyboard; name = Base; path = Base.lproj/LaunchScreen.storyboard; sourceTree = "<group>"; };
		01FE65A122469F50001E7DC7 /* Info.plist */ = {isa = PBXFileReference; lastKnownFileType = text.plist.xml; path = Info.plist; sourceTree = "<group>"; };
		01FE65A722469F6A001E7DC7 /* ImageRecognitionController.swift */ = {isa = PBXFileReference; fileEncoding = 4; lastKnownFileType = sourcecode.swift; path = ImageRecognitionController.swift; sourceTree = "<group>"; };
		01FE65A822469F6B001E7DC7 /* ImageRecognitionView.swift */ = {isa = PBXFileReference; fileEncoding = 4; lastKnownFileType = sourcecode.swift; path = ImageRecognitionView.swift; sourceTree = "<group>"; };
		01FE65A922469F6B001E7DC7 /* ImageRecognitionModel.swift */ = {isa = PBXFileReference; fileEncoding = 4; lastKnownFileType = sourcecode.swift; path = ImageRecognitionModel.swift; sourceTree = "<group>"; };
/* End PBXFileReference section */

/* Begin PBXFrameworksBuildPhase section */
		01FE658F22469F4F001E7DC7 /* Frameworks */ = {
			isa = PBXFrameworksBuildPhase;
			buildActionMask = 2147483647;
			files = (
			);
			runOnlyForDeploymentPostprocessing = 0;
		};
/* End PBXFrameworksBuildPhase section */

/* Begin PBXGroup section */
		01FE658922469F4F001E7DC7 = {
			isa = PBXGroup;
			children = (
				01FE659422469F4F001E7DC7 /* Image_Recognition */,
				01FE659322469F4F001E7DC7 /* Products */,
			);
			sourceTree = "<group>";
		};
		01FE659322469F4F001E7DC7 /* Products */ = {
			isa = PBXGroup;
			children = (
				01FE659222469F4F001E7DC7 /* Image_Recognition.app */,
			);
			name = Products;
			sourceTree = "<group>";
		};
		01FE659422469F4F001E7DC7 /* Image_Recognition */ = {
			isa = PBXGroup;
			children = (
				01FE659522469F4F001E7DC7 /* AppDelegate.swift */,
				014A0766227D483300FF8439 /* Pets.mlmodel */,
				01FE65A722469F6A001E7DC7 /* ImageRecognitionController.swift */,
				01FE65A922469F6B001E7DC7 /* ImageRecognitionModel.swift */,
				01FE65A822469F6B001E7DC7 /* ImageRecognitionView.swift */,
				01FE659C22469F50001E7DC7 /* Assets.xcassets */,
				01FE659E22469F50001E7DC7 /* LaunchScreen.storyboard */,
				01FE65A122469F50001E7DC7 /* Info.plist */,
			);
			path = Image_Recognition;
			sourceTree = "<group>";
		};
/* End PBXGroup section */

/* Begin PBXNativeTarget section */
		01FE659122469F4F001E7DC7 /* Image_Recognition */ = {
			isa = PBXNativeTarget;
			buildConfigurationList = 01FE65A422469F50001E7DC7 /* Build configuration list for PBXNativeTarget "Image_Recognition" */;
			buildPhases = (
				01FE658E22469F4F001E7DC7 /* Sources */,
				01FE658F22469F4F001E7DC7 /* Frameworks */,
				01FE659022469F4F001E7DC7 /* Resources */,
			);
			buildRules = (
			);
			dependencies = (
			);
			name = Image_Recognition;
			productName = Image_Recognition;
			productReference = 01FE659222469F4F001E7DC7 /* Image_Recognition.app */;
			productType = "com.apple.product-type.application";
		};
/* End PBXNativeTarget section */

/* Begin PBXProject section */
		01FE658A22469F4F001E7DC7 /* Project object */ = {
			isa = PBXProject;
			attributes = {
				LastSwiftUpdateCheck = 1010;
				LastUpgradeCheck = 1010;
				ORGANIZATIONNAME = "Cyril Garcia";
				TargetAttributes = {
					01FE659122469F4F001E7DC7 = {
						CreatedOnToolsVersion = 10.1;
					};
				};
			};
			buildConfigurationList = 01FE658D22469F4F001E7DC7 /* Build configuration list for PBXProject "Image_Recognition" */;
			compatibilityVersion = "Xcode 9.3";
			developmentRegion = en;
			hasScannedForEncodings = 0;
			knownRegions = (
				en,
				Base,
			);
			mainGroup = 01FE658922469F4F001E7DC7;
			productRefGroup = 01FE659322469F4F001E7DC7 /* Products */;
			projectDirPath = "";
			projectRoot = "";
			targets = (
				01FE659122469F4F001E7DC7 /* Image_Recognition */,
			);
		};
/* End PBXProject section */

/* Begin PBXResourcesBuildPhase section */
		01FE659022469F4F001E7DC7 /* Resources */ = {
			isa = PBXResourcesBuildPhase;
			buildActionMask = 2147483647;
			files = (
				01FE65A022469F50001E7DC7 /* LaunchScreen.storyboard in Resources */,
				01FE659D22469F50001E7DC7 /* Assets.xcassets in Resources */,
			);
			runOnlyForDeploymentPostprocessing = 0;
		};
/* End PBXResourcesBuildPhase section */

/* Begin PBXSourcesBuildPhase section */
		01FE658E22469F4F001E7DC7 /* Sources */ = {
			isa = PBXSourcesBuildPhase;
			buildActionMask = 2147483647;
			files = (
				01FE65AA22469F6B001E7DC7 /* ImageRecognitionController.swift in Sources */,
				01FE659622469F4F001E7DC7 /* AppDelegate.swift in Sources */,
				01FE65AB22469F6B001E7DC7 /* ImageRecognitionView.swift in Sources */,
				014A0767227D483300FF8439 /* Pets.mlmodel in Sources */,
				01FE65AC22469F6B001E7DC7 /* ImageRecognitionModel.swift in Sources */,
			);
			runOnlyForDeploymentPostprocessing = 0;
		};
/* End PBXSourcesBuildPhase section */

/* Begin PBXVariantGroup section */
		01FE659E22469F50001E7DC7 /* LaunchScreen.storyboard */ = {
			isa = PBXVariantGroup;
			children = (
				01FE659F22469F50001E7DC7 /* Base */,
			);
			name = LaunchScreen.storyboard;
			sourceTree = "<group>";
		};
/* End PBXVariantGroup section */

/* Begin XCBuildConfiguration section */
		01FE65A222469F50001E7DC7 /* Debug */ = {
			isa = XCBuildConfiguration;
			buildSettings = {
				ALWAYS_SEARCH_USER_PATHS = NO;
				CLANG_ANALYZER_NONNULL = YES;
				CLANG_ANALYZER_NUMBER_OBJECT_CONVERSION = YES_AGGRESSIVE;
				CLANG_CXX_LANGUAGE_STANDARD = "gnu++14";
				CLANG_CXX_LIBRARY = "libc++";
				CLANG_ENABLE_MODULES = YES;
				CLANG_ENABLE_OBJC_ARC = YES;
				CLANG_ENABLE_OBJC_WEAK = YES;
				CLANG_WARN_BLOCK_CAPTURE_AUTORELEASING = YES;
				CLANG_WARN_BOOL_CONVERSION = YES;
				CLANG_WARN_COMMA = YES;
				CLANG_WARN_CONSTANT_CONVERSION = YES;
				CLANG_WARN_DEPRECATED_OBJC_IMPLEMENTATIONS = YES;
				CLANG_WARN_DIRECT_OBJC_ISA_USAGE = YES_ERROR;
				CLANG_WARN_DOCUMENTATION_COMMENTS = YES;
				CLANG_WARN_EMPTY_BODY = YES;
				CLANG_WARN_ENUM_CONVERSION = YES;
				CLANG_WARN_INFINITE_RECURSION = YES;
				CLANG_WARN_INT_CONVERSION = YES;
				CLANG_WARN_NON_LITERAL_NULL_CONVERSION = YES;
				CLANG_WARN_OBJC_IMPLICIT_RETAIN_SELF = YES;
				CLANG_WARN_OBJC_LITERAL_CONVERSION = YES;
				CLANG_WARN_OBJC_ROOT_CLASS = YES_ERROR;
				CLANG_WARN_RANGE_LOOP_ANALYSIS = YES;
				CLANG_WARN_STRICT_PROTOTYPES = YES;
				CLANG_WARN_SUSPICIOUS_MOVE = YES;
				CLANG_WARN_UNGUARDED_AVAILABILITY = YES_AGGRESSIVE;
				CLANG_WARN_UNREACHABLE_CODE = YES;
				CLANG_WARN__DUPLICATE_METHOD_MATCH = YES;
				CODE_SIGN_IDENTITY = "iPhone Developer";
				COPY_PHASE_STRIP = NO;
				DEBUG_INFORMATION_FORMAT = dwarf;
				ENABLE_STRICT_OBJC_MSGSEND = YES;
				ENABLE_TESTABILITY = YES;
				GCC_C_LANGUAGE_STANDARD = gnu11;
				GCC_DYNAMIC_NO_PIC = NO;
				GCC_NO_COMMON_BLOCKS = YES;
				GCC_OPTIMIZATION_LEVEL = 0;
				GCC_PREPROCESSOR_DEFINITIONS = (
					"DEBUG=1",
					"$(inherited)",
				);
				GCC_WARN_64_TO_32_BIT_CONVERSION = YES;
				GCC_WARN_ABOUT_RETURN_TYPE = YES_ERROR;
				GCC_WARN_UNDECLARED_SELECTOR = YES;
				GCC_WARN_UNINITIALIZED_AUTOS = YES_AGGRESSIVE;
				GCC_WARN_UNUSED_FUNCTION = YES;
				GCC_WARN_UNUSED_VARIABLE = YES;
				IPHONEOS_DEPLOYMENT_TARGET = 12.1;
				MTL_ENABLE_DEBUG_INFO = INCLUDE_SOURCE;
				MTL_FAST_MATH = YES;
				ONLY_ACTIVE_ARCH = YES;
				SDKROOT = iphoneos;
				SWIFT_ACTIVE_COMPILATION_CONDITIONS = DEBUG;
				SWIFT_OPTIMIZATION_LEVEL = "-Onone";
			};
			name = Debug;
		};
		01FE65A322469F50001E7DC7 /* Release */ = {
			isa = XCBuildConfiguration;
			buildSettings = {
				ALWAYS_SEARCH_USER_PATHS = NO;
				CLANG_ANALYZER_NONNULL = YES;
				CLANG_ANALYZER_NUMBER_OBJECT_CONVERSION = YES_AGGRESSIVE;
				CLANG_CXX_LANGUAGE_STANDARD = "gnu++14";
				CLANG_CXX_LIBRARY = "libc++";
				CLANG_ENABLE_MODULES = YES;
				CLANG_ENABLE_OBJC_ARC = YES;
				CLANG_ENABLE_OBJC_WEAK = YES;
				CLANG_WARN_BLOCK_CAPTURE_AUTORELEASING = YES;
				CLANG_WARN_BOOL_CONVERSION = YES;
				CLANG_WARN_COMMA = YES;
				CLANG_WARN_CONSTANT_CONVERSION = YES;
				CLANG_WARN_DEPRECATED_OBJC_IMPLEMENTATIONS = YES;
				CLANG_WARN_DIRECT_OBJC_ISA_USAGE = YES_ERROR;
				CLANG_WARN_DOCUMENTATION_COMMENTS = YES;
				CLANG_WARN_EMPTY_BODY = YES;
				CLANG_WARN_ENUM_CONVERSION = YES;
				CLANG_WARN_INFINITE_RECURSION = YES;
				CLANG_WARN_INT_CONVERSION = YES;
				CLANG_WARN_NON_LITERAL_NULL_CONVERSION = YES;
				CLANG_WARN_OBJC_IMPLICIT_RETAIN_SELF = YES;
				CLANG_WARN_OBJC_LITERAL_CONVERSION = YES;
				CLANG_WARN_OBJC_ROOT_CLASS = YES_ERROR;
				CLANG_WARN_RANGE_LOOP_ANALYSIS = YES;
				CLANG_WARN_STRICT_PROTOTYPES = YES;
				CLANG_WARN_SUSPICIOUS_MOVE = YES;
				CLANG_WARN_UNGUARDED_AVAILABILITY = YES_AGGRESSIVE;
				CLANG_WARN_UNREACHABLE_CODE = YES;
				CLANG_WARN__DUPLICATE_METHOD_MATCH = YES;
				CODE_SIGN_IDENTITY = "iPhone Developer";
				COPY_PHASE_STRIP = NO;
				DEBUG_INFORMATION_FORMAT = "dwarf-with-dsym";
				ENABLE_NS_ASSERTIONS = NO;
				ENABLE_STRICT_OBJC_MSGSEND = YES;
				GCC_C_LANGUAGE_STANDARD = gnu11;
				GCC_NO_COMMON_BLOCKS = YES;
				GCC_WARN_64_TO_32_BIT_CONVERSION = YES;
				GCC_WARN_ABOUT_RETURN_TYPE = YES_ERROR;
				GCC_WARN_UNDECLARED_SELECTOR = YES;
				GCC_WARN_UNINITIALIZED_AUTOS = YES_AGGRESSIVE;
				GCC_WARN_UNUSED_FUNCTION = YES;
				GCC_WARN_UNUSED_VARIABLE = YES;
				IPHONEOS_DEPLOYMENT_TARGET = 12.1;
				MTL_ENABLE_DEBUG_INFO = NO;
				MTL_FAST_MATH = YES;
				SDKROOT = iphoneos;
				SWIFT_COMPILATION_MODE = wholemodule;
				SWIFT_OPTIMIZATION_LEVEL = "-O";
				VALIDATE_PRODUCT = YES;
			};
			name = Release;
		};
		01FE65A522469F50001E7DC7 /* Debug */ = {
			isa = XCBuildConfiguration;
			buildSettings = {
				ASSETCATALOG_COMPILER_APPICON_NAME = AppIcon;
				CODE_SIGN_STYLE = Automatic;
				DEVELOPMENT_TEAM = R986STKYJ7;
				INFOPLIST_FILE = Image_Recognition/Info.plist;
				IPHONEOS_DEPLOYMENT_TARGET = 11.0;
				LD_RUNPATH_SEARCH_PATHS = (
					"$(inherited)",
					"@executable_path/Frameworks",
				);
				PRODUCT_BUNDLE_IDENTIFIER = "com.ByCyril.Image-Recognition";
				PRODUCT_NAME = "$(TARGET_NAME)";
				SWIFT_VERSION = 4.2;
				TARGETED_DEVICE_FAMILY = "1,2";
			};
			name = Debug;
		};
		01FE65A622469F50001E7DC7 /* Release */ = {
			isa = XCBuildConfiguration;
			buildSettings = {
				ASSETCATALOG_COMPILER_APPICON_NAME = AppIcon;
				CODE_SIGN_STYLE = Automatic;
				DEVELOPMENT_TEAM = R986STKYJ7;
				INFOPLIST_FILE = Image_Recognition/Info.plist;
				IPHONEOS_DEPLOYMENT_TARGET = 11.0;
				LD_RUNPATH_SEARCH_PATHS = (
					"$(inherited)",
					"@executable_path/Frameworks",
				);
				PRODUCT_BUNDLE_IDENTIFIER = "com.ByCyril.Image-Recognition";
				PRODUCT_NAME = "$(TARGET_NAME)";
				SWIFT_VERSION = 4.2;
				TARGETED_DEVICE_FAMILY = "1,2";
			};
			name = Release;
		};
/* End XCBuildConfiguration section */

/* Begin XCConfigurationList section */
		01FE658D22469F4F001E7DC7 /* Build configuration list for PBXProject "Image_Recognition" */ = {
			isa = XCConfigurationList;
			buildConfigurations = (
				01FE65A222469F50001E7DC7 /* Debug */,
				01FE65A322469F50001E7DC7 /* Release */,
			);
			defaultConfigurationIsVisible = 0;
			defaultConfigurationName = Release;
		};
		01FE65A422469F50001E7DC7 /* Build configuration list for PBXNativeTarget "Image_Recognition" */ = {
			isa = XCConfigurationList;
			buildConfigurations = (
				01FE65A522469F50001E7DC7 /* Debug */,
				01FE65A622469F50001E7DC7 /* Release */,
			);
			defaultConfigurationIsVisible = 0;
			defaultConfigurationName = Release;
		};
/* End XCConfigurationList section */
	};
	rootObject = 01FE658A22469F4F001E7DC7 /* Project object */;
}
